// !$*UTF8*$!
{
	archiveVersion = 1;
	classes = {
	};
	objectVersion = 46;
	objects = {

/* Begin PBXBuildFile section */
		5495B4F91EF8207F0095704F /* MainViewController.m in Sources */ = {isa = PBXBuildFile; fileRef = 5495B4F81EF8207F0095704F /* MainViewController.m */; };
		5495B4FC1EF820F80095704F /* HeadViewController.m in Sources */ = {isa = PBXBuildFile; fileRef = 5495B4FB1EF820F80095704F /* HeadViewController.m */; };
		5495B4FF1EF82ED80095704F /* BottomViewController.m in Sources */ = {isa = PBXBuildFile; fileRef = 5495B4FE1EF82ED80095704F /* BottomViewController.m */; };
		54FBB45A1EF8073300FC7350 /* main.m in Sources */ = {isa = PBXBuildFile; fileRef = 54FBB4591EF8073300FC7350 /* main.m */; };
		54FBB45D1EF8073300FC7350 /* AppDelegate.m in Sources */ = {isa = PBXBuildFile; fileRef = 54FBB45C1EF8073300FC7350 /* AppDelegate.m */; };
		54FBB4651EF8073300FC7350 /* Assets.xcassets in Resources */ = {isa = PBXBuildFile; fileRef = 54FBB4641EF8073300FC7350 /* Assets.xcassets */; };
		54FBB4681EF8073300FC7350 /* LaunchScreen.storyboard in Resources */ = {isa = PBXBuildFile; fileRef = 54FBB4661EF8073300FC7350 /* LaunchScreen.storyboard */; };
/* End PBXBuildFile section */

/* Begin PBXFileReference section */
		5495B4F71EF8207F0095704F /* MainViewController.h */ = {isa = PBXFileReference; fileEncoding = 4; lastKnownFileType = sourcecode.c.h; path = MainViewController.h; sourceTree = "<group>"; };
		5495B4F81EF8207F0095704F /* MainViewController.m */ = {isa = PBXFileReference; fileEncoding = 4; lastKnownFileType = sourcecode.c.objc; path = MainViewController.m; sourceTree = "<group>"; };
		5495B4FA1EF820F80095704F /* HeadViewController.h */ = {isa = PBXFileReference; fileEncoding = 4; lastKnownFileType = sourcecode.c.h; path = HeadViewController.h; sourceTree = "<group>"; };
		5495B4FB1EF820F80095704F /* HeadViewController.m */ = {isa = PBXFileReference; fileEncoding = 4; lastKnownFileType = sourcecode.c.objc; path = HeadViewController.m; sourceTree = "<group>"; };
		5495B4FD1EF82ED80095704F /* BottomViewController.h */ = {isa = PBXFileReference; fileEncoding = 4; lastKnownFileType = sourcecode.c.h; path = BottomViewController.h; sourceTree = "<group>"; };
		5495B4FE1EF82ED80095704F /* BottomViewController.m */ = {isa = PBXFileReference; fileEncoding = 4; lastKnownFileType = sourcecode.c.objc; path = BottomViewController.m; sourceTree = "<group>"; };
		54FBB4551EF8073300FC7350 /* UIDesigner.app */ = {isa = PBXFileReference; explicitFileType = wrapper.application; includeInIndex = 0; path = UIDesigner.app; sourceTree = BUILT_PRODUCTS_DIR; };
		54FBB4591EF8073300FC7350 /* main.m */ = {isa = PBXFileReference; lastKnownFileType = sourcecode.c.objc; path = main.m; sourceTree = "<group>"; };
		54FBB45B1EF8073300FC7350 /* AppDelegate.h */ = {isa = PBXFileReference; lastKnownFileType = sourcecode.c.h; path = AppDelegate.h; sourceTree = "<group>"; };
		54FBB45C1EF8073300FC7350 /* AppDelegate.m */ = {isa = PBXFileReference; lastKnownFileType = sourcecode.c.objc; path = AppDelegate.m; sourceTree = "<group>"; };
		54FBB4641EF8073300FC7350 /* Assets.xcassets */ = {isa = PBXFileReference; lastKnownFileType = folder.assetcatalog; path = Assets.xcassets; sourceTree = "<group>"; };
		54FBB4671EF8073300FC7350 /* Base */ = {isa = PBXFileReference; lastKnownFileType = file.storyboard; name = Base; path = Base.lproj/LaunchScreen.storyboard; sourceTree = "<group>"; };
		54FBB4691EF8073300FC7350 /* Info.plist */ = {isa = PBXFileReference; lastKnownFileType = text.plist.xml; path = Info.plist; sourceTree = "<group>"; };
/* End PBXFileReference section */

/* Begin PBXFrameworksBuildPhase section */
		54FBB4521EF8073300FC7350 /* Frameworks */ = {
			isa = PBXFrameworksBuildPhase;
			buildActionMask = 2147483647;
			files = (
			);
			runOnlyForDeploymentPostprocessing = 0;
		};
/* End PBXFrameworksBuildPhase section */

/* Begin PBXGroup section */
		54FBB44C1EF8073300FC7350 = {
			isa = PBXGroup;
			children = (
				54FBB4571EF8073300FC7350 /* UIDesigner */,
				54FBB4561EF8073300FC7350 /* Products */,
			);
			sourceTree = "<group>";
		};
		54FBB4561EF8073300FC7350 /* Products */ = {
			isa = PBXGroup;
			children = (
				54FBB4551EF8073300FC7350 /* UIDesigner.app */,
			);
			name = Products;
			sourceTree = "<group>";
		};
		54FBB4571EF8073300FC7350 /* UIDesigner */ = {
			isa = PBXGroup;
			children = (
				54FBB45B1EF8073300FC7350 /* AppDelegate.h */,
				54FBB45C1EF8073300FC7350 /* AppDelegate.m */,
				5495B4F71EF8207F0095704F /* MainViewController.h */,
				5495B4F81EF8207F0095704F /* MainViewController.m */,
				5495B4FA1EF820F80095704F /* HeadViewController.h */,
				5495B4FB1EF820F80095704F /* HeadViewController.m */,
				5495B4FD1EF82ED80095704F /* BottomViewController.h */,
				5495B4FE1EF82ED80095704F /* BottomViewController.m */,
				54FBB4641EF8073300FC7350 /* Assets.xcassets */,
				54FBB4661EF8073300FC7350 /* LaunchScreen.storyboard */,
				54FBB4691EF8073300FC7350 /* Info.plist */,
				54FBB4581EF8073300FC7350 /* Supporting Files */,
			);
			path = UIDesigner;
			sourceTree = "<group>";
		};
		54FBB4581EF8073300FC7350 /* Supporting Files */ = {
			isa = PBXGroup;
			children = (
				54FBB4591EF8073300FC7350 /* main.m */,
			);
			name = "Supporting Files";
			sourceTree = "<group>";
		};
/* End PBXGroup section */

/* Begin PBXNativeTarget section */
		54FBB4541EF8073300FC7350 /* UIDesigner */ = {
			isa = PBXNativeTarget;
			buildConfigurationList = 54FBB46C1EF8073300FC7350 /* Build configuration list for PBXNativeTarget "UIDesigner" */;
			buildPhases = (
				54FBB4511EF8073300FC7350 /* Sources */,
				54FBB4521EF8073300FC7350 /* Frameworks */,
				54FBB4531EF8073300FC7350 /* Resources */,
			);
			buildRules = (
			);
			dependencies = (
			);
			name = UIDesigner;
			productName = UIDesigner;
			productReference = 54FBB4551EF8073300FC7350 /* UIDesigner.app */;
			productType = "com.apple.product-type.application";
		};
/* End PBXNativeTarget section */

/* Begin PBXProject section */
		54FBB44D1EF8073300FC7350 /* Project object */ = {
			isa = PBXProject;
			attributes = {
				LastUpgradeCheck = 0830;
				ORGANIZATIONNAME = chendi;
				TargetAttributes = {
					54FBB4541EF8073300FC7350 = {
						CreatedOnToolsVersion = 8.3.2;
						DevelopmentTeam = 7E2J7CUZTM;
						ProvisioningStyle = Automatic;
					};
				};
			};
			buildConfigurationList = 54FBB4501EF8073300FC7350 /* Build configuration list for PBXProject "UIDesigner" */;
			compatibilityVersion = "Xcode 3.2";
			developmentRegion = English;
			hasScannedForEncodings = 0;
			knownRegions = (
				en,
				Base,
			);
			mainGroup = 54FBB44C1EF8073300FC7350;
			productRefGroup = 54FBB4561EF8073300FC7350 /* Products */;
			projectDirPath = "";
			projectRoot = "";
			targets = (
				54FBB4541EF8073300FC7350 /* UIDesigner */,
			);
		};
/* End PBXProject section */

/* Begin PBXResourcesBuildPhase section */
		54FBB4531EF8073300FC7350 /* Resources */ = {
			isa = PBXResourcesBuildPhase;
			buildActionMask = 2147483647;
			files = (
				54FBB4681EF8073300FC7350 /* LaunchScreen.storyboard in Resources */,
				54FBB4651EF8073300FC7350 /* Assets.xcassets in Resources */,
			);
			runOnlyForDeploymentPostprocessing = 0;
		};
/* End PBXResourcesBuildPhase section */

/* Begin PBXSourcesBuildPhase section */
		54FBB4511EF8073300FC7350 /* Sources */ = {
			isa = PBXSourcesBuildPhase;
			buildActionMask = 2147483647;
			files = (
				5495B4FC1EF820F80095704F /* HeadViewController.m in Sources */,
				54FBB45D1EF8073300FC7350 /* AppDelegate.m in Sources */,
				5495B4FF1EF82ED80095704F /* BottomViewController.m in Sources */,
				5495B4F91EF8207F0095704F /* MainViewController.m in Sources */,
				54FBB45A1EF8073300FC7350 /* main.m in Sources */,
			);
			runOnlyForDeploymentPostprocessing = 0;
		};
/* End PBXSourcesBuildPhase section */

/* Begin PBXVariantGroup section */
		54FBB4661EF8073300FC7350 /* LaunchScreen.storyboard */ = {
			isa = PBXVariantGroup;
			children = (
				54FBB4671EF8073300FC7350 /* Base */,
			);
			name = LaunchScreen.storyboard;
			sourceTree = "<group>";
		};
/* End PBXVariantGroup section */

/* Begin XCBuildConfiguration section */
		54FBB46A1EF8073300FC7350 /* Debug */ = {
			isa = XCBuildConfiguration;
			buildSettings = {
				ALWAYS_SEARCH_USER_PATHS = NO;
				CLANG_ANALYZER_NONNULL = YES;
				CLANG_ANALYZER_NUMBER_OBJECT_CONVERSION = YES_AGGRESSIVE;
				CLANG_CXX_LANGUAGE_STANDARD = "gnu++0x";
				CLANG_CXX_LIBRARY = "libc++";
				CLANG_ENABLE_MODULES = YES;
				CLANG_ENABLE_OBJC_ARC = YES;
				CLANG_WARN_BOOL_CONVERSION = YES;
				CLANG_WARN_CONSTANT_CONVERSION = YES;
				CLANG_WARN_DIRECT_OBJC_ISA_USAGE = YES_ERROR;
				CLANG_WARN_DOCUMENTATION_COMMENTS = YES;
				CLANG_WARN_EMPTY_BODY = YES;
				CLANG_WARN_ENUM_CONVERSION = YES;
				CLANG_WARN_INFINITE_RECURSION = YES;
				CLANG_WARN_INT_CONVERSION = YES;
				CLANG_WARN_OBJC_ROOT_CLASS = YES_ERROR;
				CLANG_WARN_SUSPICIOUS_MOVE = YES;
				CLANG_WARN_UNREACHABLE_CODE = YES;
				CLANG_WARN__DUPLICATE_METHOD_MATCH = YES;
				"CODE_SIGN_IDENTITY[sdk=iphoneos*]" = "iPhone Developer";
				COPY_PHASE_STRIP = NO;
				DEBUG_INFORMATION_FORMAT = dwarf;
				ENABLE_STRICT_OBJC_MSGSEND = YES;
				ENABLE_TESTABILITY = YES;
				GCC_C_LANGUAGE_STANDARD = gnu99;
				GCC_DYNAMIC_NO_PIC = NO;
				GCC_NO_COMMON_BLOCKS = YES;
				GCC_OPTIMIZATION_LEVEL = 0;
				GCC_PREPROCESSOR_DEFINITIONS = (
					"DEBUG=1",
					"$(inherited)",
				);
				GCC_WARN_64_TO_32_BIT_CONVERSION = YES;
				GCC_WARN_ABOUT_RETURN_TYPE = YES_ERROR;
				GCC_WARN_UNDECLARED_SELECTOR = YES;
				GCC_WARN_UNINITIALIZED_AUTOS = YES_AGGRESSIVE;
				GCC_WARN_UNUSED_FUNCTION = YES;
				GCC_WARN_UNUSED_VARIABLE = YES;
				IPHONEOS_DEPLOYMENT_TARGET = 10.3;
				MTL_ENABLE_DEBUG_INFO = YES;
				ONLY_ACTIVE_ARCH = YES;
				SDKROOT = iphoneos;
			};
			name = Debug;
		};
		54FBB46B1EF8073300FC7350 /* Release */ = {
			isa = XCBuildConfiguration;
			buildSettings = {
				ALWAYS_SEARCH_USER_PATHS = NO;
				CLANG_ANALYZER_NONNULL = YES;
				CLANG_ANALYZER_NUMBER_OBJECT_CONVERSION = YES_AGGRESSIVE;
				CLANG_CXX_LANGUAGE_STANDARD = "gnu++0x";
				CLANG_CXX_LIBRARY = "libc++";
				CLANG_ENABLE_MODULES = YES;
				CLANG_ENABLE_OBJC_ARC = YES;
				CLANG_WARN_BOOL_CONVERSION = YES;
				CLANG_WARN_CONSTANT_CONVERSION = YES;
				CLANG_WARN_DIRECT_OBJC_ISA_USAGE = YES_ERROR;
				CLANG_WARN_DOCUMENTATION_COMMENTS = YES;
				CLANG_WARN_EMPTY_BODY = YES;
				CLANG_WARN_ENUM_CONVERSION = YES;
				CLANG_WARN_INFINITE_RECURSION = YES;
				CLANG_WARN_INT_CONVERSION = YES;
				CLANG_WARN_OBJC_ROOT_CLASS = YES_ERROR;
				CLANG_WARN_SUSPICIOUS_MOVE = YES;
				CLANG_WARN_UNREACHABLE_CODE = YES;
				CLANG_WARN__DUPLICATE_METHOD_MATCH = YES;
				"CODE_SIGN_IDENTITY[sdk=iphoneos*]" = "iPhone Developer";
				COPY_PHASE_STRIP = NO;
				DEBUG_INFORMATION_FORMAT = "dwarf-with-dsym";
				ENABLE_NS_ASSERTIONS = NO;
				ENABLE_STRICT_OBJC_MSGSEND = YES;
				GCC_C_LANGUAGE_STANDARD = gnu99;
				GCC_NO_COMMON_BLOCKS = YES;
				GCC_WARN_64_TO_32_BIT_CONVERSION = YES;
				GCC_WARN_ABOUT_RETURN_TYPE = YES_ERROR;
				GCC_WARN_UNDECLARED_SELECTOR = YES;
				GCC_WARN_UNINITIALIZED_AUTOS = YES_AGGRESSIVE;
				GCC_WARN_UNUSED_FUNCTION = YES;
				GCC_WARN_UNUSED_VARIABLE = YES;
				IPHONEOS_DEPLOYMENT_TARGET = 10.3;
				MTL_ENABLE_DEBUG_INFO = NO;
				SDKROOT = iphoneos;
				VALIDATE_PRODUCT = YES;
			};
			name = Release;
		};
		54FBB46D1EF8073300FC7350 /* Debug */ = {
			isa = XCBuildConfiguration;
			buildSettings = {
				ASSETCATALOG_COMPILER_APPICON_NAME = AppIcon;
				DEVELOPMENT_TEAM = 7E2J7CUZTM;
				INFOPLIST_FILE = UIDesigner/Info.plist;
				IPHONEOS_DEPLOYMENT_TARGET = 8.0;
				LD_RUNPATH_SEARCH_PATHS = "$(inherited) @executable_path/Frameworks";
				PRODUCT_BUNDLE_IDENTIFIER = chendi.UIDesigner;
				PRODUCT_NAME = "$(TARGET_NAME)";
			};
			name = Debug;
		};
		54FBB46E1EF8073300FC7350 /* Release */ = {
			isa = XCBuildConfiguration;
			buildSettings = {
				ASSETCATALOG_COMPILER_APPICON_NAME = AppIcon;
				DEVELOPMENT_TEAM = 7E2J7CUZTM;
				INFOPLIST_FILE = UIDesigner/Info.plist;
				IPHONEOS_DEPLOYMENT_TARGET = 8.0;
				LD_RUNPATH_SEARCH_PATHS = "$(inherited) @executable_path/Frameworks";
				PRODUCT_BUNDLE_IDENTIFIER = chendi.UIDesigner;
				PRODUCT_NAME = "$(TARGET_NAME)";
			};
			name = Release;
		};
/* End XCBuildConfiguration section */

/* Begin XCConfigurationList section */
		54FBB4501EF8073300FC7350 /* Build configuration list for PBXProject "UIDesigner" */ = {
			isa = XCConfigurationList;
			buildConfigurations = (
				54FBB46A1EF8073300FC7350 /* Debug */,
				54FBB46B1EF8073300FC7350 /* Release */,
			);
			defaultConfigurationIsVisible = 0;
			defaultConfigurationName = Release;
		};
		54FBB46C1EF8073300FC7350 /* Build configuration list for PBXNativeTarget "UIDesigner" */ = {
			isa = XCConfigurationList;
			buildConfigurations = (
				54FBB46D1EF8073300FC7350 /* Debug */,
				54FBB46E1EF8073300FC7350 /* Release */,
			);
			defaultConfigurationIsVisible = 0;
			defaultConfigurationName = Release;
		};
/* End XCConfigurationList section */
	};
	rootObject = 54FBB44D1EF8073300FC7350 /* Project object */;
}
